
Microsoft Visual Studio Solution File, Format Version 12.00
# Visual Studio Version 17
VisualStudioVersion = 17.4.33205.214
MinimumVisualStudioVersion = 10.0.40219.1
Project("{FAE04EC0-301F-11D3-BF4B-00C04F79EFBC}") = "Datapackager", "Datapackager.csproj", "{E9A23DE4-AABE-45E1-A439-B24D8A46CBC2}"
EndProject
Global
	GlobalSection(SolutionConfigurationPlatforms) = preSolution
		Debug|Any CPU = Debug|Any CPU
		Release|Any CPU = Release|Any CPU
	EndGlobalSection
	GlobalSection(ProjectConfigurationPlatforms) = postSolution
		{E9A23DE4-AABE-45E1-A439-B24D8A46CBC2}.Debug|Any CPU.ActiveCfg = Debug|Any CPU
		{E9A23DE4-AABE-45E1-A439-B24D8A46CBC2}.Debug|Any CPU.Build.0 = Debug|Any CPU
		{E9A23DE4-AABE-45E1-A439-B24D8A46CBC2}.Release|Any CPU.ActiveCfg = Release|Any CPU
		{E9A23DE4-AABE-45E1-A439-B24D8A46CBC2}.Release|Any CPU.Build.0 = Release|Any CPU
	EndGlobalSection
	GlobalSection(SolutionProperties) = preSolution
		HideSolutionNode = FALSE
	EndGlobalSection
	GlobalSection(ExtensibilityGlobals) = postSolution
		SolutionGuid = {3B3F9F24-60EC-486F-AF0E-235AE3F1B8A7}
	EndGlobalSection
EndGlobal
